github.com/dodipriy/go-say-hello v1.5.0 h1:OBJ/QVBPgVuVohEKD94zGaPoWlI8nQxQ+LRZIi6E2hQ=
github.com/dodipriy/go-say-hello v1.5.0/go.mod h1:hCnIV4ScNpD+EX5+q9Hee2rEQPWsN+jYH8/o22CR7XY=
github.com/dodipriy/go-say-hello/v2 v2.0.0 h1:ZnYQOGBHJh/nSRMdGnkGqG8QfOTnG9/V0O2439zvtCw=
github.com/dodipriy/go-say-hello/v2 v2.0.0/go.mod h1:inrKHJcT0XzDv93/Phzb35p1h9U7t3c8ua81hUuSELk=
